// !$*UTF8*$!
{
	archiveVersion = 1;
	classes = {
	};
	objectVersion = 46;
	objects = {

/* Begin PBXBuildFile section */
		C238D4A71A827E6E007F8A49 /* NextButton.png in Resources */ = {isa = PBXBuildFile; fileRef = C238D4A21A827E6E007F8A49 /* NextButton.png */; };
		C238D4A81A827E6E007F8A49 /* noArtworkImage.png in Resources */ = {isa = PBXBuildFile; fileRef = C238D4A31A827E6E007F8A49 /* noArtworkImage.png */; };
		C238D4A91A827E6E007F8A49 /* pauseButton.png in Resources */ = {isa = PBXBuildFile; fileRef = C238D4A41A827E6E007F8A49 /* pauseButton.png */; };
		C238D4AA1A827E6E007F8A49 /* playButton.png in Resources */ = {isa = PBXBuildFile; fileRef = C238D4A51A827E6E007F8A49 /* playButton.png */; };
		C238D4AB1A827E6E007F8A49 /* PreviousButton.png in Resources */ = {isa = PBXBuildFile; fileRef = C238D4A61A827E6E007F8A49 /* PreviousButton.png */; };
		C23F881C1A7E343500B80609 /* AppDelegate.swift in Sources */ = {isa = PBXBuildFile; fileRef = C23F881B1A7E343500B80609 /* AppDelegate.swift */; };
		C23F881E1A7E343600B80609 /* ViewController.swift in Sources */ = {isa = PBXBuildFile; fileRef = C23F881D1A7E343600B80609 /* ViewController.swift */; };
		C23F88211A7E343600B80609 /* Main.storyboard in Resources */ = {isa = PBXBuildFile; fileRef = C23F881F1A7E343600B80609 /* Main.storyboard */; };
		C23F88231A7E343600B80609 /* Images.xcassets in Resources */ = {isa = PBXBuildFile; fileRef = C23F88221A7E343600B80609 /* Images.xcassets */; };
		C23F88261A7E343600B80609 /* LaunchScreen.xib in Resources */ = {isa = PBXBuildFile; fileRef = C23F88241A7E343600B80609 /* LaunchScreen.xib */; };
		C23F88321A7E343600B80609 /* iOS8SwiftVolumeTutorialTests.swift in Sources */ = {isa = PBXBuildFile; fileRef = C23F88311A7E343600B80609 /* iOS8SwiftVolumeTutorialTests.swift */; };
		C23F883C1A7E367500B80609 /* Amorphis - My Enemy.mp3 in Resources */ = {isa = PBXBuildFile; fileRef = C23F883B1A7E367500B80609 /* Amorphis - My Enemy.mp3 */; };
/* End PBXBuildFile section */

/* Begin PBXContainerItemProxy section */
		C23F882C1A7E343600B80609 /* PBXContainerItemProxy */ = {
			isa = PBXContainerItemProxy;
			containerPortal = C23F880E1A7E343500B80609 /* Project object */;
			proxyType = 1;
			remoteGlobalIDString = C23F88151A7E343500B80609;
			remoteInfo = iOS8SwiftVolumeTutorial;
		};
/* End PBXContainerItemProxy section */

/* Begin PBXFileReference section */
		C238D4A21A827E6E007F8A49 /* NextButton.png */ = {isa = PBXFileReference; lastKnownFileType = image.png; path = NextButton.png; sourceTree = "<group>"; };
		C238D4A31A827E6E007F8A49 /* noArtworkImage.png */ = {isa = PBXFileReference; lastKnownFileType = image.png; path = noArtworkImage.png; sourceTree = "<group>"; };
		C238D4A41A827E6E007F8A49 /* pauseButton.png */ = {isa = PBXFileReference; lastKnownFileType = image.png; path = pauseButton.png; sourceTree = "<group>"; };
		C238D4A51A827E6E007F8A49 /* playButton.png */ = {isa = PBXFileReference; lastKnownFileType = image.png; path = playButton.png; sourceTree = "<group>"; };
		C238D4A61A827E6E007F8A49 /* PreviousButton.png */ = {isa = PBXFileReference; lastKnownFileType = image.png; path = PreviousButton.png; sourceTree = "<group>"; };
		C23F88161A7E343500B80609 /* iOS8SwiftVolumeTutorial.app */ = {isa = PBXFileReference; explicitFileType = wrapper.application; includeInIndex = 0; path = iOS8SwiftVolumeTutorial.app; sourceTree = BUILT_PRODUCTS_DIR; };
		C23F881A1A7E343500B80609 /* Info.plist */ = {isa = PBXFileReference; lastKnownFileType = text.plist.xml; path = Info.plist; sourceTree = "<group>"; };
		C23F881B1A7E343500B80609 /* AppDelegate.swift */ = {isa = PBXFileReference; lastKnownFileType = sourcecode.swift; path = AppDelegate.swift; sourceTree = "<group>"; };
		C23F881D1A7E343600B80609 /* ViewController.swift */ = {isa = PBXFileReference; lastKnownFileType = sourcecode.swift; path = ViewController.swift; sourceTree = "<group>"; };
		C23F88201A7E343600B80609 /* Base */ = {isa = PBXFileReference; lastKnownFileType = file.storyboard; name = Base; path = Base.lproj/Main.storyboard; sourceTree = "<group>"; };
		C23F88221A7E343600B80609 /* Images.xcassets */ = {isa = PBXFileReference; lastKnownFileType = folder.assetcatalog; path = Images.xcassets; sourceTree = "<group>"; };
		C23F88251A7E343600B80609 /* Base */ = {isa = PBXFileReference; lastKnownFileType = file.xib; name = Base; path = Base.lproj/LaunchScreen.xib; sourceTree = "<group>"; };
		C23F882B1A7E343600B80609 /* iOS8SwiftVolumeTutorialTests.xctest */ = {isa = PBXFileReference; explicitFileType = wrapper.cfbundle; includeInIndex = 0; path = iOS8SwiftVolumeTutorialTests.xctest; sourceTree = BUILT_PRODUCTS_DIR; };
		C23F88301A7E343600B80609 /* Info.plist */ = {isa = PBXFileReference; lastKnownFileType = text.plist.xml; path = Info.plist; sourceTree = "<group>"; };
		C23F88311A7E343600B80609 /* iOS8SwiftVolumeTutorialTests.swift */ = {isa = PBXFileReference; lastKnownFileType = sourcecode.swift; path = iOS8SwiftVolumeTutorialTests.swift; sourceTree = "<group>"; };
		C23F883B1A7E367500B80609 /* Amorphis - My Enemy.mp3 */ = {isa = PBXFileReference; lastKnownFileType = audio.mp3; path = "Amorphis - My Enemy.mp3"; sourceTree = "<group>"; };
		C23F883D1A7E63E400B80609 /* README.md */ = {isa = PBXFileReference; fileEncoding = 4; lastKnownFileType = net.daringfireball.markdown; path = README.md; sourceTree = "<group>"; };
/* End PBXFileReference section */

/* Begin PBXFrameworksBuildPhase section */
		C23F88131A7E343500B80609 /* Frameworks */ = {
			isa = PBXFrameworksBuildPhase;
			buildActionMask = 2147483647;
			files = (
			);
			runOnlyForDeploymentPostprocessing = 0;
		};
		C23F88281A7E343600B80609 /* Frameworks */ = {
			isa = PBXFrameworksBuildPhase;
			buildActionMask = 2147483647;
			files = (
			);
			runOnlyForDeploymentPostprocessing = 0;
		};
/* End PBXFrameworksBuildPhase section */

/* Begin PBXGroup section */
		C238D4AC1A827E79007F8A49 /* Images */ = {
			isa = PBXGroup;
			children = (
				C238D4A21A827E6E007F8A49 /* NextButton.png */,
				C238D4A31A827E6E007F8A49 /* noArtworkImage.png */,
				C238D4A41A827E6E007F8A49 /* pauseButton.png */,
				C238D4A51A827E6E007F8A49 /* playButton.png */,
				C238D4A61A827E6E007F8A49 /* PreviousButton.png */,
			);
			name = Images;
			sourceTree = "<group>";
		};
		C23F880D1A7E343500B80609 = {
			isa = PBXGroup;
			children = (
				C23F883D1A7E63E400B80609 /* README.md */,
				C23F88181A7E343500B80609 /* iOS8SwiftVolumeTutorial */,
				C23F882E1A7E343600B80609 /* iOS8SwiftVolumeTutorialTests */,
				C23F88171A7E343500B80609 /* Products */,
			);
			sourceTree = "<group>";
		};
		C23F88171A7E343500B80609 /* Products */ = {
			isa = PBXGroup;
			children = (
				C23F88161A7E343500B80609 /* iOS8SwiftVolumeTutorial.app */,
				C23F882B1A7E343600B80609 /* iOS8SwiftVolumeTutorialTests.xctest */,
			);
			name = Products;
			sourceTree = "<group>";
		};
		C23F88181A7E343500B80609 /* iOS8SwiftVolumeTutorial */ = {
			isa = PBXGroup;
			children = (
				C238D4AC1A827E79007F8A49 /* Images */,
				C23F883B1A7E367500B80609 /* Amorphis - My Enemy.mp3 */,
				C23F881B1A7E343500B80609 /* AppDelegate.swift */,
				C23F881D1A7E343600B80609 /* ViewController.swift */,
				C23F881F1A7E343600B80609 /* Main.storyboard */,
				C23F88221A7E343600B80609 /* Images.xcassets */,
				C23F88241A7E343600B80609 /* LaunchScreen.xib */,
				C23F88191A7E343500B80609 /* Supporting Files */,
			);
			path = iOS8SwiftVolumeTutorial;
			sourceTree = "<group>";
		};
		C23F88191A7E343500B80609 /* Supporting Files */ = {
			isa = PBXGroup;
			children = (
				C23F881A1A7E343500B80609 /* Info.plist */,
			);
			name = "Supporting Files";
			sourceTree = "<group>";
		};
		C23F882E1A7E343600B80609 /* iOS8SwiftVolumeTutorialTests */ = {
			isa = PBXGroup;
			children = (
				C23F88311A7E343600B80609 /* iOS8SwiftVolumeTutorialTests.swift */,
				C23F882F1A7E343600B80609 /* Supporting Files */,
			);
			path = iOS8SwiftVolumeTutorialTests;
			sourceTree = "<group>";
		};
		C23F882F1A7E343600B80609 /* Supporting Files */ = {
			isa = PBXGroup;
			children = (
				C23F88301A7E343600B80609 /* Info.plist */,
			);
			name = "Supporting Files";
			sourceTree = "<group>";
		};
/* End PBXGroup section */

/* Begin PBXNativeTarget section */
		C23F88151A7E343500B80609 /* iOS8SwiftVolumeTutorial */ = {
			isa = PBXNativeTarget;
			buildConfigurationList = C23F88351A7E343600B80609 /* Build configuration list for PBXNativeTarget "iOS8SwiftVolumeTutorial" */;
			buildPhases = (
				C23F88121A7E343500B80609 /* Sources */,
				C23F88131A7E343500B80609 /* Frameworks */,
				C23F88141A7E343500B80609 /* Resources */,
			);
			buildRules = (
			);
			dependencies = (
			);
			name = iOS8SwiftVolumeTutorial;
			productName = iOS8SwiftVolumeTutorial;
			productReference = C23F88161A7E343500B80609 /* iOS8SwiftVolumeTutorial.app */;
			productType = "com.apple.product-type.application";
		};
		C23F882A1A7E343600B80609 /* iOS8SwiftVolumeTutorialTests */ = {
			isa = PBXNativeTarget;
			buildConfigurationList = C23F88381A7E343600B80609 /* Build configuration list for PBXNativeTarget "iOS8SwiftVolumeTutorialTests" */;
			buildPhases = (
				C23F88271A7E343600B80609 /* Sources */,
				C23F88281A7E343600B80609 /* Frameworks */,
				C23F88291A7E343600B80609 /* Resources */,
			);
			buildRules = (
			);
			dependencies = (
				C23F882D1A7E343600B80609 /* PBXTargetDependency */,
			);
			name = iOS8SwiftVolumeTutorialTests;
			productName = iOS8SwiftVolumeTutorialTests;
			productReference = C23F882B1A7E343600B80609 /* iOS8SwiftVolumeTutorialTests.xctest */;
			productType = "com.apple.product-type.bundle.unit-test";
		};
/* End PBXNativeTarget section */

/* Begin PBXProject section */
		C23F880E1A7E343500B80609 /* Project object */ = {
			isa = PBXProject;
			attributes = {
				LastUpgradeCheck = 0610;
				ORGANIZATIONNAME = Loxoll;
				TargetAttributes = {
					C23F88151A7E343500B80609 = {
						CreatedOnToolsVersion = 6.1.1;
					};
					C23F882A1A7E343600B80609 = {
						CreatedOnToolsVersion = 6.1.1;
						TestTargetID = C23F88151A7E343500B80609;
					};
				};
			};
			buildConfigurationList = C23F88111A7E343500B80609 /* Build configuration list for PBXProject "iOS8SwiftVolumeTutorial" */;
			compatibilityVersion = "Xcode 3.2";
			developmentRegion = English;
			hasScannedForEncodings = 0;
			knownRegions = (
				en,
				Base,
			);
			mainGroup = C23F880D1A7E343500B80609;
			productRefGroup = C23F88171A7E343500B80609 /* Products */;
			projectDirPath = "";
			projectRoot = "";
			targets = (
				C23F88151A7E343500B80609 /* iOS8SwiftVolumeTutorial */,
				C23F882A1A7E343600B80609 /* iOS8SwiftVolumeTutorialTests */,
			);
		};
/* End PBXProject section */

/* Begin PBXResourcesBuildPhase section */
		C23F88141A7E343500B80609 /* Resources */ = {
			isa = PBXResourcesBuildPhase;
			buildActionMask = 2147483647;
			files = (
				C238D4A91A827E6E007F8A49 /* pauseButton.png in Resources */,
				C23F88211A7E343600B80609 /* Main.storyboard in Resources */,
				C238D4A81A827E6E007F8A49 /* noArtworkImage.png in Resources */,
				C238D4AA1A827E6E007F8A49 /* playButton.png in Resources */,
				C238D4A71A827E6E007F8A49 /* NextButton.png in Resources */,
				C23F883C1A7E367500B80609 /* Amorphis - My Enemy.mp3 in Resources */,
				C238D4AB1A827E6E007F8A49 /* PreviousButton.png in Resources */,
				C23F88261A7E343600B80609 /* LaunchScreen.xib in Resources */,
				C23F88231A7E343600B80609 /* Images.xcassets in Resources */,
			);
			runOnlyForDeploymentPostprocessing = 0;
		};
		C23F88291A7E343600B80609 /* Resources */ = {
			isa = PBXResourcesBuildPhase;
			buildActionMask = 2147483647;
			files = (
			);
			runOnlyForDeploymentPostprocessing = 0;
		};
/* End PBXResourcesBuildPhase section */

/* Begin PBXSourcesBuildPhase section */
		C23F88121A7E343500B80609 /* Sources */ = {
			isa = PBXSourcesBuildPhase;
			buildActionMask = 2147483647;
			files = (
				C23F881E1A7E343600B80609 /* ViewController.swift in Sources */,
				C23F881C1A7E343500B80609 /* AppDelegate.swift in Sources */,
			);
			runOnlyForDeploymentPostprocessing = 0;
		};
		C23F88271A7E343600B80609 /* Sources */ = {
			isa = PBXSourcesBuildPhase;
			buildActionMask = 2147483647;
			files = (
				C23F88321A7E343600B80609 /* iOS8SwiftVolumeTutorialTests.swift in Sources */,
			);
			runOnlyForDeploymentPostprocessing = 0;
		};
/* End PBXSourcesBuildPhase section */

/* Begin PBXTargetDependency section */
		C23F882D1A7E343600B80609 /* PBXTargetDependency */ = {
			isa = PBXTargetDependency;
			target = C23F88151A7E343500B80609 /* iOS8SwiftVolumeTutorial */;
			targetProxy = C23F882C1A7E343600B80609 /* PBXContainerItemProxy */;
		};
/* End PBXTargetDependency section */

/* Begin PBXVariantGroup section */
		C23F881F1A7E343600B80609 /* Main.storyboard */ = {
			isa = PBXVariantGroup;
			children = (
				C23F88201A7E343600B80609 /* Base */,
			);
			name = Main.storyboard;
			sourceTree = "<group>";
		};
		C23F88241A7E343600B80609 /* LaunchScreen.xib */ = {
			isa = PBXVariantGroup;
			children = (
				C23F88251A7E343600B80609 /* Base */,
			);
			name = LaunchScreen.xib;
			sourceTree = "<group>";
		};
/* End PBXVariantGroup section */

/* Begin XCBuildConfiguration section */
		C23F88331A7E343600B80609 /* Debug */ = {
			isa = XCBuildConfiguration;
			buildSettings = {
				ALWAYS_SEARCH_USER_PATHS = NO;
				CLANG_CXX_LANGUAGE_STANDARD = "gnu++0x";
				CLANG_CXX_LIBRARY = "libc++";
				CLANG_ENABLE_MODULES = YES;
				CLANG_ENABLE_OBJC_ARC = YES;
				CLANG_WARN_BOOL_CONVERSION = YES;
				CLANG_WARN_CONSTANT_CONVERSION = YES;
				CLANG_WARN_DIRECT_OBJC_ISA_USAGE = YES_ERROR;
				CLANG_WARN_EMPTY_BODY = YES;
				CLANG_WARN_ENUM_CONVERSION = YES;
				CLANG_WARN_INT_CONVERSION = YES;
				CLANG_WARN_OBJC_ROOT_CLASS = YES_ERROR;
				CLANG_WARN_UNREACHABLE_CODE = YES;
				CLANG_WARN__DUPLICATE_METHOD_MATCH = YES;
				"CODE_SIGN_IDENTITY[sdk=iphoneos*]" = "iPhone Developer";
				COPY_PHASE_STRIP = NO;
				ENABLE_STRICT_OBJC_MSGSEND = YES;
				GCC_C_LANGUAGE_STANDARD = gnu99;
				GCC_DYNAMIC_NO_PIC = NO;
				GCC_OPTIMIZATION_LEVEL = 0;
				GCC_PREPROCESSOR_DEFINITIONS = (
					"DEBUG=1",
					"$(inherited)",
				);
				GCC_SYMBOLS_PRIVATE_EXTERN = NO;
				GCC_WARN_64_TO_32_BIT_CONVERSION = YES;
				GCC_WARN_ABOUT_RETURN_TYPE = YES_ERROR;
				GCC_WARN_UNDECLARED_SELECTOR = YES;
				GCC_WARN_UNINITIALIZED_AUTOS = YES_AGGRESSIVE;
				GCC_WARN_UNUSED_FUNCTION = YES;
				GCC_WARN_UNUSED_VARIABLE = YES;
				IPHONEOS_DEPLOYMENT_TARGET = 8.1;
				MTL_ENABLE_DEBUG_INFO = YES;
				ONLY_ACTIVE_ARCH = YES;
				SDKROOT = iphoneos;
				SWIFT_OPTIMIZATION_LEVEL = "-Onone";
				TARGETED_DEVICE_FAMILY = "1,2";
			};
			name = Debug;
		};
		C23F88341A7E343600B80609 /* Release */ = {
			isa = XCBuildConfiguration;
			buildSettings = {
				ALWAYS_SEARCH_USER_PATHS = NO;
				CLANG_CXX_LANGUAGE_STANDARD = "gnu++0x";
				CLANG_CXX_LIBRARY = "libc++";
				CLANG_ENABLE_MODULES = YES;
				CLANG_ENABLE_OBJC_ARC = YES;
				CLANG_WARN_BOOL_CONVERSION = YES;
				CLANG_WARN_CONSTANT_CONVERSION = YES;
				CLANG_WARN_DIRECT_OBJC_ISA_USAGE = YES_ERROR;
				CLANG_WARN_EMPTY_BODY = YES;
				CLANG_WARN_ENUM_CONVERSION = YES;
				CLANG_WARN_INT_CONVERSION = YES;
				CLANG_WARN_OBJC_ROOT_CLASS = YES_ERROR;
				CLANG_WARN_UNREACHABLE_CODE = YES;
				CLANG_WARN__DUPLICATE_METHOD_MATCH = YES;
				"CODE_SIGN_IDENTITY[sdk=iphoneos*]" = "iPhone Developer";
				COPY_PHASE_STRIP = YES;
				ENABLE_NS_ASSERTIONS = NO;
				ENABLE_STRICT_OBJC_MSGSEND = YES;
				GCC_C_LANGUAGE_STANDARD = gnu99;
				GCC_WARN_64_TO_32_BIT_CONVERSION = YES;
				GCC_WARN_ABOUT_RETURN_TYPE = YES_ERROR;
				GCC_WARN_UNDECLARED_SELECTOR = YES;
				GCC_WARN_UNINITIALIZED_AUTOS = YES_AGGRESSIVE;
				GCC_WARN_UNUSED_FUNCTION = YES;
				GCC_WARN_UNUSED_VARIABLE = YES;
				IPHONEOS_DEPLOYMENT_TARGET = 8.1;
				MTL_ENABLE_DEBUG_INFO = NO;
				SDKROOT = iphoneos;
				TARGETED_DEVICE_FAMILY = "1,2";
				VALIDATE_PRODUCT = YES;
			};
			name = Release;
		};
		C23F88361A7E343600B80609 /* Debug */ = {
			isa = XCBuildConfiguration;
			buildSettings = {
				ASSETCATALOG_COMPILER_APPICON_NAME = AppIcon;
				INFOPLIST_FILE = iOS8SwiftVolumeTutorial/Info.plist;
				LD_RUNPATH_SEARCH_PATHS = "$(inherited) @executable_path/Frameworks";
				PRODUCT_NAME = "$(TARGET_NAME)";
			};
			name = Debug;
		};
		C23F88371A7E343600B80609 /* Release */ = {
			isa = XCBuildConfiguration;
			buildSettings = {
				ASSETCATALOG_COMPILER_APPICON_NAME = AppIcon;
				INFOPLIST_FILE = iOS8SwiftVolumeTutorial/Info.plist;
				LD_RUNPATH_SEARCH_PATHS = "$(inherited) @executable_path/Frameworks";
				PRODUCT_NAME = "$(TARGET_NAME)";
			};
			name = Release;
		};
		C23F88391A7E343600B80609 /* Debug */ = {
			isa = XCBuildConfiguration;
			buildSettings = {
				BUNDLE_LOADER = "$(TEST_HOST)";
				FRAMEWORK_SEARCH_PATHS = (
					"$(SDKROOT)/Developer/Library/Frameworks",
					"$(inherited)",
				);
				GCC_PREPROCESSOR_DEFINITIONS = (
					"DEBUG=1",
					"$(inherited)",
				);
				INFOPLIST_FILE = iOS8SwiftVolumeTutorialTests/Info.plist;
				LD_RUNPATH_SEARCH_PATHS = "$(inherited) @executable_path/Frameworks @loader_path/Frameworks";
				PRODUCT_NAME = "$(TARGET_NAME)";
				TEST_HOST = "$(BUILT_PRODUCTS_DIR)/iOS8SwiftVolumeTutorial.app/iOS8SwiftVolumeTutorial";
			};
			name = Debug;
		};
		C23F883A1A7E343600B80609 /* Release */ = {
			isa = XCBuildConfiguration;
			buildSettings = {
				BUNDLE_LOADER = "$(TEST_HOST)";
				FRAMEWORK_SEARCH_PATHS = (
					"$(SDKROOT)/Developer/Library/Frameworks",
					"$(inherited)",
				);
				INFOPLIST_FILE = iOS8SwiftVolumeTutorialTests/Info.plist;
				LD_RUNPATH_SEARCH_PATHS = "$(inherited) @executable_path/Frameworks @loader_path/Frameworks";
				PRODUCT_NAME = "$(TARGET_NAME)";
				TEST_HOST = "$(BUILT_PRODUCTS_DIR)/iOS8SwiftVolumeTutorial.app/iOS8SwiftVolumeTutorial";
			};
			name = Release;
		};
/* End XCBuildConfiguration section */

/* Begin XCConfigurationList section */
		C23F88111A7E343500B80609 /* Build configuration list for PBXProject "iOS8SwiftVolumeTutorial" */ = {
			isa = XCConfigurationList;
			buildConfigurations = (
				C23F88331A7E343600B80609 /* Debug */,
				C23F88341A7E343600B80609 /* Release */,
			);
			defaultConfigurationIsVisible = 0;
			defaultConfigurationName = Release;
		};
		C23F88351A7E343600B80609 /* Build configuration list for PBXNativeTarget "iOS8SwiftVolumeTutorial" */ = {
			isa = XCConfigurationList;
			buildConfigurations = (
				C23F88361A7E343600B80609 /* Debug */,
				C23F88371A7E343600B80609 /* Release */,
			);
			defaultConfigurationIsVisible = 0;
			defaultConfigurationName = Release;
		};
		C23F88381A7E343600B80609 /* Build configuration list for PBXNativeTarget "iOS8SwiftVolumeTutorialTests" */ = {
			isa = XCConfigurationList;
			buildConfigurations = (
				C23F88391A7E343600B80609 /* Debug */,
				C23F883A1A7E343600B80609 /* Release */,
			);
			defaultConfigurationIsVisible = 0;
			defaultConfigurationName = Release;
		};
/* End XCConfigurationList section */
	};
	rootObject = C23F880E1A7E343500B80609 /* Project object */;
}
